
Microsoft Visual Studio Solution File, Format Version 12.00
# Visual Studio 15
VisualStudioVersion = 15.0.26124.0
MinimumVisualStudioVersion = 15.0.26124.0
Project("{FAE04EC0-301F-11D3-BF4B-00C04F79EFBC}") = "Desafio.Api", "Desafio.Api\Desafio.Api.csproj", "{7869DADE-3D5A-42F3-A034-27E1A8FC56EE}"
EndProject
Project("{FAE04EC0-301F-11D3-BF4B-00C04F79EFBC}") = "Desafio.Application", "Desafio.Application\Desafio.Application.csproj", "{1B930116-9CD8-4CD9-8319-4B04CF1E7CDC}"
EndProject
Project("{FAE04EC0-301F-11D3-BF4B-00C04F79EFBC}") = "Desafio.Domain", "Desafio.Domain\Desafio.Domain.csproj", "{7C46CE31-9687-4819-AFEE-C30FF166AD07}"
EndProject
Project("{FAE04EC0-301F-11D3-BF4B-00C04F79EFBC}") = "Desafio.Shared", "Desafio.Shared\Desafio.Shared.csproj", "{DFD6E09A-4038-4EE0-85CE-967C65176CCA}"
EndProject
Project("{FAE04EC0-301F-11D3-BF4B-00C04F79EFBC}") = "Desafio.Repository", "Desafio.Repository\Desafio.Repository.csproj", "{E5C7EF72-23AC-4C04-BD2C-32915BEBBE91}"
EndProject
Global
	GlobalSection(SolutionConfigurationPlatforms) = preSolution
		Debug|Any CPU = Debug|Any CPU
		Debug|x64 = Debug|x64
		Debug|x86 = Debug|x86
		Release|Any CPU = Release|Any CPU
		Release|x64 = Release|x64
		Release|x86 = Release|x86
	EndGlobalSection
	GlobalSection(SolutionProperties) = preSolution
		HideSolutionNode = FALSE
	EndGlobalSection
	GlobalSection(ProjectConfigurationPlatforms) = postSolution
		{7869DADE-3D5A-42F3-A034-27E1A8FC56EE}.Debug|Any CPU.ActiveCfg = Debug|Any CPU
		{7869DADE-3D5A-42F3-A034-27E1A8FC56EE}.Debug|Any CPU.Build.0 = Debug|Any CPU
		{7869DADE-3D5A-42F3-A034-27E1A8FC56EE}.Debug|x64.ActiveCfg = Debug|Any CPU
		{7869DADE-3D5A-42F3-A034-27E1A8FC56EE}.Debug|x64.Build.0 = Debug|Any CPU
		{7869DADE-3D5A-42F3-A034-27E1A8FC56EE}.Debug|x86.ActiveCfg = Debug|Any CPU
		{7869DADE-3D5A-42F3-A034-27E1A8FC56EE}.Debug|x86.Build.0 = Debug|Any CPU
		{7869DADE-3D5A-42F3-A034-27E1A8FC56EE}.Release|Any CPU.ActiveCfg = Release|Any CPU
		{7869DADE-3D5A-42F3-A034-27E1A8FC56EE}.Release|Any CPU.Build.0 = Release|Any CPU
		{7869DADE-3D5A-42F3-A034-27E1A8FC56EE}.Release|x64.ActiveCfg = Release|Any CPU
		{7869DADE-3D5A-42F3-A034-27E1A8FC56EE}.Release|x64.Build.0 = Release|Any CPU
		{7869DADE-3D5A-42F3-A034-27E1A8FC56EE}.Release|x86.ActiveCfg = Release|Any CPU
		{7869DADE-3D5A-42F3-A034-27E1A8FC56EE}.Release|x86.Build.0 = Release|Any CPU
		{1B930116-9CD8-4CD9-8319-4B04CF1E7CDC}.Debug|Any CPU.ActiveCfg = Debug|Any CPU
		{1B930116-9CD8-4CD9-8319-4B04CF1E7CDC}.Debug|Any CPU.Build.0 = Debug|Any CPU
		{1B930116-9CD8-4CD9-8319-4B04CF1E7CDC}.Debug|x64.ActiveCfg = Debug|Any CPU
		{1B930116-9CD8-4CD9-8319-4B04CF1E7CDC}.Debug|x64.Build.0 = Debug|Any CPU
		{1B930116-9CD8-4CD9-8319-4B04CF1E7CDC}.Debug|x86.ActiveCfg = Debug|Any CPU
		{1B930116-9CD8-4CD9-8319-4B04CF1E7CDC}.Debug|x86.Build.0 = Debug|Any CPU
		{1B930116-9CD8-4CD9-8319-4B04CF1E7CDC}.Release|Any CPU.ActiveCfg = Release|Any CPU
		{1B930116-9CD8-4CD9-8319-4B04CF1E7CDC}.Release|Any CPU.Build.0 = Release|Any CPU
		{1B930116-9CD8-4CD9-8319-4B04CF1E7CDC}.Release|x64.ActiveCfg = Release|Any CPU
		{1B930116-9CD8-4CD9-8319-4B04CF1E7CDC}.Release|x64.Build.0 = Release|Any CPU
		{1B930116-9CD8-4CD9-8319-4B04CF1E7CDC}.Release|x86.ActiveCfg = Release|Any CPU
		{1B930116-9CD8-4CD9-8319-4B04CF1E7CDC}.Release|x86.Build.0 = Release|Any CPU
		{7C46CE31-9687-4819-AFEE-C30FF166AD07}.Debug|Any CPU.ActiveCfg = Debug|Any CPU
		{7C46CE31-9687-4819-AFEE-C30FF166AD07}.Debug|Any CPU.Build.0 = Debug|Any CPU
		{7C46CE31-9687-4819-AFEE-C30FF166AD07}.Debug|x64.ActiveCfg = Debug|Any CPU
		{7C46CE31-9687-4819-AFEE-C30FF166AD07}.Debug|x64.Build.0 = Debug|Any CPU
		{7C46CE31-9687-4819-AFEE-C30FF166AD07}.Debug|x86.ActiveCfg = Debug|Any CPU
		{7C46CE31-9687-4819-AFEE-C30FF166AD07}.Debug|x86.Build.0 = Debug|Any CPU
		{7C46CE31-9687-4819-AFEE-C30FF166AD07}.Release|Any CPU.ActiveCfg = Release|Any CPU
		{7C46CE31-9687-4819-AFEE-C30FF166AD07}.Release|Any CPU.Build.0 = Release|Any CPU
		{7C46CE31-9687-4819-AFEE-C30FF166AD07}.Release|x64.ActiveCfg = Release|Any CPU
		{7C46CE31-9687-4819-AFEE-C30FF166AD07}.Release|x64.Build.0 = Release|Any CPU
		{7C46CE31-9687-4819-AFEE-C30FF166AD07}.Release|x86.ActiveCfg = Release|Any CPU
		{7C46CE31-9687-4819-AFEE-C30FF166AD07}.Release|x86.Build.0 = Release|Any CPU
		{DFD6E09A-4038-4EE0-85CE-967C65176CCA}.Debug|Any CPU.ActiveCfg = Debug|Any CPU
		{DFD6E09A-4038-4EE0-85CE-967C65176CCA}.Debug|Any CPU.Build.0 = Debug|Any CPU
		{DFD6E09A-4038-4EE0-85CE-967C65176CCA}.Debug|x64.ActiveCfg = Debug|Any CPU
		{DFD6E09A-4038-4EE0-85CE-967C65176CCA}.Debug|x64.Build.0 = Debug|Any CPU
		{DFD6E09A-4038-4EE0-85CE-967C65176CCA}.Debug|x86.ActiveCfg = Debug|Any CPU
		{DFD6E09A-4038-4EE0-85CE-967C65176CCA}.Debug|x86.Build.0 = Debug|Any CPU
		{DFD6E09A-4038-4EE0-85CE-967C65176CCA}.Release|Any CPU.ActiveCfg = Release|Any CPU
		{DFD6E09A-4038-4EE0-85CE-967C65176CCA}.Release|Any CPU.Build.0 = Release|Any CPU
		{DFD6E09A-4038-4EE0-85CE-967C65176CCA}.Release|x64.ActiveCfg = Release|Any CPU
		{DFD6E09A-4038-4EE0-85CE-967C65176CCA}.Release|x64.Build.0 = Release|Any CPU
		{DFD6E09A-4038-4EE0-85CE-967C65176CCA}.Release|x86.ActiveCfg = Release|Any CPU
		{DFD6E09A-4038-4EE0-85CE-967C65176CCA}.Release|x86.Build.0 = Release|Any CPU
		{E5C7EF72-23AC-4C04-BD2C-32915BEBBE91}.Debug|Any CPU.ActiveCfg = Debug|Any CPU
		{E5C7EF72-23AC-4C04-BD2C-32915BEBBE91}.Debug|Any CPU.Build.0 = Debug|Any CPU
		{E5C7EF72-23AC-4C04-BD2C-32915BEBBE91}.Debug|x64.ActiveCfg = Debug|Any CPU
		{E5C7EF72-23AC-4C04-BD2C-32915BEBBE91}.Debug|x64.Build.0 = Debug|Any CPU
		{E5C7EF72-23AC-4C04-BD2C-32915BEBBE91}.Debug|x86.ActiveCfg = Debug|Any CPU
		{E5C7EF72-23AC-4C04-BD2C-32915BEBBE91}.Debug|x86.Build.0 = Debug|Any CPU
		{E5C7EF72-23AC-4C04-BD2C-32915BEBBE91}.Release|Any CPU.ActiveCfg = Release|Any CPU
		{E5C7EF72-23AC-4C04-BD2C-32915BEBBE91}.Release|Any CPU.Build.0 = Release|Any CPU
		{E5C7EF72-23AC-4C04-BD2C-32915BEBBE91}.Release|x64.ActiveCfg = Release|Any CPU
		{E5C7EF72-23AC-4C04-BD2C-32915BEBBE91}.Release|x64.Build.0 = Release|Any CPU
		{E5C7EF72-23AC-4C04-BD2C-32915BEBBE91}.Release|x86.ActiveCfg = Release|Any CPU
		{E5C7EF72-23AC-4C04-BD2C-32915BEBBE91}.Release|x86.Build.0 = Release|Any CPU
	EndGlobalSection
EndGlobal
